// !$*UTF8*$!
{
	archiveVersion = 1;
	classes = {
	};
	objectVersion = 55;
	objects = {

/* Begin PBXBuildFile section */
		2189269F138C49598918CD52 /* Pods_News_App_Volvox.framework in Frameworks */ = {isa = PBXBuildFile; fileRef = 22BEC66849946D583695434C /* Pods_News_App_Volvox.framework */; };
		303D2D4F27E3510B00F85653 /* AppDelegate.swift in Sources */ = {isa = PBXBuildFile; fileRef = 303D2D4E27E3510B00F85653 /* AppDelegate.swift */; };
		303D2D5127E3510B00F85653 /* SceneDelegate.swift in Sources */ = {isa = PBXBuildFile; fileRef = 303D2D5027E3510B00F85653 /* SceneDelegate.swift */; };
		303D2D5327E3510B00F85653 /* ViewController.swift in Sources */ = {isa = PBXBuildFile; fileRef = 303D2D5227E3510B00F85653 /* ViewController.swift */; };
		303D2D5627E3510B00F85653 /* Main.storyboard in Resources */ = {isa = PBXBuildFile; fileRef = 303D2D5427E3510B00F85653 /* Main.storyboard */; };
		303D2D5827E3510C00F85653 /* Assets.xcassets in Resources */ = {isa = PBXBuildFile; fileRef = 303D2D5727E3510C00F85653 /* Assets.xcassets */; };
		303D2D5B27E3510C00F85653 /* LaunchScreen.storyboard in Resources */ = {isa = PBXBuildFile; fileRef = 303D2D5927E3510C00F85653 /* LaunchScreen.storyboard */; };
		303D2D6427E35A7B00F85653 /* CollectionViewCell.swift in Sources */ = {isa = PBXBuildFile; fileRef = 303D2D6227E35A7B00F85653 /* CollectionViewCell.swift */; };
		303D2D6527E35A7B00F85653 /* CollectionViewCell.xib in Resources */ = {isa = PBXBuildFile; fileRef = 303D2D6327E35A7B00F85653 /* CollectionViewCell.xib */; };
		303D2D6C27E36B6200F85653 /* NewsData.swift in Sources */ = {isa = PBXBuildFile; fileRef = 303D2D6B27E36B6200F85653 /* NewsData.swift */; };
		304F998D27E485AE00C8E0A0 /* NewsStruct.swift in Sources */ = {isa = PBXBuildFile; fileRef = 304F998C27E485AE00C8E0A0 /* NewsStruct.swift */; };
		304F999127E4A0E300C8E0A0 /* WebController.swift in Sources */ = {isa = PBXBuildFile; fileRef = 304F999027E4A0E300C8E0A0 /* WebController.swift */; };
/* End PBXBuildFile section */

/* Begin PBXFileReference section */
		22BEC66849946D583695434C /* Pods_News_App_Volvox.framework */ = {isa = PBXFileReference; explicitFileType = wrapper.framework; includeInIndex = 0; path = Pods_News_App_Volvox.framework; sourceTree = BUILT_PRODUCTS_DIR; };
		26615B83660704AE39E7929C /* Pods-News App Volvox.release.xcconfig */ = {isa = PBXFileReference; includeInIndex = 1; lastKnownFileType = text.xcconfig; name = "Pods-News App Volvox.release.xcconfig"; path = "Target Support Files/Pods-News App Volvox/Pods-News App Volvox.release.xcconfig"; sourceTree = "<group>"; };
		303D2D4B27E3510B00F85653 /* News App Volvox.app */ = {isa = PBXFileReference; explicitFileType = wrapper.application; includeInIndex = 0; path = "News App Volvox.app"; sourceTree = BUILT_PRODUCTS_DIR; };
		303D2D4E27E3510B00F85653 /* AppDelegate.swift */ = {isa = PBXFileReference; lastKnownFileType = sourcecode.swift; path = AppDelegate.swift; sourceTree = "<group>"; };
		303D2D5027E3510B00F85653 /* SceneDelegate.swift */ = {isa = PBXFileReference; lastKnownFileType = sourcecode.swift; path = SceneDelegate.swift; sourceTree = "<group>"; };
		303D2D5227E3510B00F85653 /* ViewController.swift */ = {isa = PBXFileReference; lastKnownFileType = sourcecode.swift; path = ViewController.swift; sourceTree = "<group>"; };
		303D2D5527E3510B00F85653 /* Base */ = {isa = PBXFileReference; lastKnownFileType = file.storyboard; name = Base; path = Base.lproj/Main.storyboard; sourceTree = "<group>"; };
		303D2D5727E3510C00F85653 /* Assets.xcassets */ = {isa = PBXFileReference; lastKnownFileType = folder.assetcatalog; path = Assets.xcassets; sourceTree = "<group>"; };
		303D2D5A27E3510C00F85653 /* Base */ = {isa = PBXFileReference; lastKnownFileType = file.storyboard; name = Base; path = Base.lproj/LaunchScreen.storyboard; sourceTree = "<group>"; };
		303D2D5C27E3510C00F85653 /* Info.plist */ = {isa = PBXFileReference; lastKnownFileType = text.plist.xml; path = Info.plist; sourceTree = "<group>"; };
		303D2D6227E35A7B00F85653 /* CollectionViewCell.swift */ = {isa = PBXFileReference; lastKnownFileType = sourcecode.swift; path = CollectionViewCell.swift; sourceTree = "<group>"; };
		303D2D6327E35A7B00F85653 /* CollectionViewCell.xib */ = {isa = PBXFileReference; lastKnownFileType = file.xib; path = CollectionViewCell.xib; sourceTree = "<group>"; };
		303D2D6B27E36B6200F85653 /* NewsData.swift */ = {isa = PBXFileReference; lastKnownFileType = sourcecode.swift; path = NewsData.swift; sourceTree = "<group>"; };
		304F998C27E485AE00C8E0A0 /* NewsStruct.swift */ = {isa = PBXFileReference; lastKnownFileType = sourcecode.swift; path = NewsStruct.swift; sourceTree = "<group>"; };
		304F999027E4A0E300C8E0A0 /* WebController.swift */ = {isa = PBXFileReference; lastKnownFileType = sourcecode.swift; path = WebController.swift; sourceTree = "<group>"; };
		49588DA6C0060CB431E6A17D /* Pods-News App Volvox.debug.xcconfig */ = {isa = PBXFileReference; includeInIndex = 1; lastKnownFileType = text.xcconfig; name = "Pods-News App Volvox.debug.xcconfig"; path = "Target Support Files/Pods-News App Volvox/Pods-News App Volvox.debug.xcconfig"; sourceTree = "<group>"; };
/* End PBXFileReference section */

/* Begin PBXFrameworksBuildPhase section */
		303D2D4827E3510B00F85653 /* Frameworks */ = {
			isa = PBXFrameworksBuildPhase;
			buildActionMask = 2147483647;
			files = (
				2189269F138C49598918CD52 /* Pods_News_App_Volvox.framework in Frameworks */,
			);
			runOnlyForDeploymentPostprocessing = 0;
		};
/* End PBXFrameworksBuildPhase section */

/* Begin PBXGroup section */
		1F00E991F6F259D9CE157739 /* Frameworks */ = {
			isa = PBXGroup;
			children = (
				22BEC66849946D583695434C /* Pods_News_App_Volvox.framework */,
			);
			name = Frameworks;
			sourceTree = "<group>";
		};
		303D2D4227E3510B00F85653 = {
			isa = PBXGroup;
			children = (
				303D2D4D27E3510B00F85653 /* News App Volvox */,
				303D2D4C27E3510B00F85653 /* Products */,
				5CD5563088E77497E11EDCEA /* Pods */,
				1F00E991F6F259D9CE157739 /* Frameworks */,
			);
			sourceTree = "<group>";
		};
		303D2D4C27E3510B00F85653 /* Products */ = {
			isa = PBXGroup;
			children = (
				303D2D4B27E3510B00F85653 /* News App Volvox.app */,
			);
			name = Products;
			sourceTree = "<group>";
		};
		303D2D4D27E3510B00F85653 /* News App Volvox */ = {
			isa = PBXGroup;
			children = (
				303D2D4E27E3510B00F85653 /* AppDelegate.swift */,
				303D2D5027E3510B00F85653 /* SceneDelegate.swift */,
				303D2D5227E3510B00F85653 /* ViewController.swift */,
				304F999027E4A0E300C8E0A0 /* WebController.swift */,
				303D2D6A27E36B4600F85653 /* Model */,
				303D2D6727E35A8600F85653 /* CollectionCell */,
				303D2D5427E3510B00F85653 /* Main.storyboard */,
				303D2D5727E3510C00F85653 /* Assets.xcassets */,
				303D2D5927E3510C00F85653 /* LaunchScreen.storyboard */,
				303D2D5C27E3510C00F85653 /* Info.plist */,
			);
			path = "News App Volvox";
			sourceTree = "<group>";
		};
		303D2D6727E35A8600F85653 /* CollectionCell */ = {
			isa = PBXGroup;
			children = (
				303D2D6227E35A7B00F85653 /* CollectionViewCell.swift */,
				303D2D6327E35A7B00F85653 /* CollectionViewCell.xib */,
			);
			path = CollectionCell;
			sourceTree = "<group>";
		};
		303D2D6A27E36B4600F85653 /* Model */ = {
			isa = PBXGroup;
			children = (
				303D2D6B27E36B6200F85653 /* NewsData.swift */,
				304F998C27E485AE00C8E0A0 /* NewsStruct.swift */,
			);
			path = Model;
			sourceTree = "<group>";
		};
		5CD5563088E77497E11EDCEA /* Pods */ = {
			isa = PBXGroup;
			children = (
				49588DA6C0060CB431E6A17D /* Pods-News App Volvox.debug.xcconfig */,
				26615B83660704AE39E7929C /* Pods-News App Volvox.release.xcconfig */,
			);
			path = Pods;
			sourceTree = "<group>";
		};
/* End PBXGroup section */

/* Begin PBXNativeTarget section */
		303D2D4A27E3510B00F85653 /* News App Volvox */ = {
			isa = PBXNativeTarget;
			buildConfigurationList = 303D2D5F27E3510C00F85653 /* Build configuration list for PBXNativeTarget "News App Volvox" */;
			buildPhases = (
				6DE91D95C38DA3A1AE1E45A4 /* [CP] Check Pods Manifest.lock */,
				303D2D4727E3510B00F85653 /* Sources */,
				303D2D4827E3510B00F85653 /* Frameworks */,
				303D2D4927E3510B00F85653 /* Resources */,
				C93EFC3C5CCD2E1CB8A7A155 /* [CP] Embed Pods Frameworks */,
			);
			buildRules = (
			);
			dependencies = (
			);
			name = "News App Volvox";
			productName = "News App Volvox";
			productReference = 303D2D4B27E3510B00F85653 /* News App Volvox.app */;
			productType = "com.apple.product-type.application";
		};
/* End PBXNativeTarget section */

/* Begin PBXProject section */
		303D2D4327E3510B00F85653 /* Project object */ = {
			isa = PBXProject;
			attributes = {
				BuildIndependentTargetsInParallel = 1;
				LastSwiftUpdateCheck = 1330;
				LastUpgradeCheck = 1330;
				TargetAttributes = {
					303D2D4A27E3510B00F85653 = {
						CreatedOnToolsVersion = 13.3;
					};
				};
			};
			buildConfigurationList = 303D2D4627E3510B00F85653 /* Build configuration list for PBXProject "News App Volvox" */;
			compatibilityVersion = "Xcode 13.0";
			developmentRegion = en;
			hasScannedForEncodings = 0;
			knownRegions = (
				en,
				Base,
			);
			mainGroup = 303D2D4227E3510B00F85653;
			productRefGroup = 303D2D4C27E3510B00F85653 /* Products */;
			projectDirPath = "";
			projectRoot = "";
			targets = (
				303D2D4A27E3510B00F85653 /* News App Volvox */,
			);
		};
/* End PBXProject section */

/* Begin PBXResourcesBuildPhase section */
		303D2D4927E3510B00F85653 /* Resources */ = {
			isa = PBXResourcesBuildPhase;
			buildActionMask = 2147483647;
			files = (
				303D2D5B27E3510C00F85653 /* LaunchScreen.storyboard in Resources */,
				303D2D5827E3510C00F85653 /* Assets.xcassets in Resources */,
				303D2D6527E35A7B00F85653 /* CollectionViewCell.xib in Resources */,
				303D2D5627E3510B00F85653 /* Main.storyboard in Resources */,
			);
			runOnlyForDeploymentPostprocessing = 0;
		};
/* End PBXResourcesBuildPhase section */

/* Begin PBXShellScriptBuildPhase section */
		6DE91D95C38DA3A1AE1E45A4 /* [CP] Check Pods Manifest.lock */ = {
			isa = PBXShellScriptBuildPhase;
			buildActionMask = 2147483647;
			files = (
			);
			inputFileListPaths = (
			);
			inputPaths = (
				"${PODS_PODFILE_DIR_PATH}/Podfile.lock",
				"${PODS_ROOT}/Manifest.lock",
			);
			name = "[CP] Check Pods Manifest.lock";
			outputFileListPaths = (
			);
			outputPaths = (
				"$(DERIVED_FILE_DIR)/Pods-News App Volvox-checkManifestLockResult.txt",
			);
			runOnlyForDeploymentPostprocessing = 0;
			shellPath = /bin/sh;
			shellScript = "diff \"${PODS_PODFILE_DIR_PATH}/Podfile.lock\" \"${PODS_ROOT}/Manifest.lock\" > /dev/null\nif [ $? != 0 ] ; then\n    # print error to STDERR\n    echo \"error: The sandbox is not in sync with the Podfile.lock. Run 'pod install' or update your CocoaPods installation.\" >&2\n    exit 1\nfi\n# This output is used by Xcode 'outputs' to avoid re-running this script phase.\necho \"SUCCESS\" > \"${SCRIPT_OUTPUT_FILE_0}\"\n";
			showEnvVarsInLog = 0;
		};
		C93EFC3C5CCD2E1CB8A7A155 /* [CP] Embed Pods Frameworks */ = {
			isa = PBXShellScriptBuildPhase;
			buildActionMask = 2147483647;
			files = (
			);
			inputFileListPaths = (
				"${PODS_ROOT}/Target Support Files/Pods-News App Volvox/Pods-News App Volvox-frameworks-${CONFIGURATION}-input-files.xcfilelist",
			);
			name = "[CP] Embed Pods Frameworks";
			outputFileListPaths = (
				"${PODS_ROOT}/Target Support Files/Pods-News App Volvox/Pods-News App Volvox-frameworks-${CONFIGURATION}-output-files.xcfilelist",
			);
			runOnlyForDeploymentPostprocessing = 0;
			shellPath = /bin/sh;
			shellScript = "\"${PODS_ROOT}/Target Support Files/Pods-News App Volvox/Pods-News App Volvox-frameworks.sh\"\n";
			showEnvVarsInLog = 0;
		};
/* End PBXShellScriptBuildPhase section */

/* Begin PBXSourcesBuildPhase section */
		303D2D4727E3510B00F85653 /* Sources */ = {
			isa = PBXSourcesBuildPhase;
			buildActionMask = 2147483647;
			files = (
				304F999127E4A0E300C8E0A0 /* WebController.swift in Sources */,
				303D2D5327E3510B00F85653 /* ViewController.swift in Sources */,
				303D2D4F27E3510B00F85653 /* AppDelegate.swift in Sources */,
				304F998D27E485AE00C8E0A0 /* NewsStruct.swift in Sources */,
				303D2D6C27E36B6200F85653 /* NewsData.swift in Sources */,
				303D2D6427E35A7B00F85653 /* CollectionViewCell.swift in Sources */,
				303D2D5127E3510B00F85653 /* SceneDelegate.swift in Sources */,
			);
			runOnlyForDeploymentPostprocessing = 0;
		};
/* End PBXSourcesBuildPhase section */

/* Begin PBXVariantGroup section */
		303D2D5427E3510B00F85653 /* Main.storyboard */ = {
			isa = PBXVariantGroup;
			children = (
				303D2D5527E3510B00F85653 /* Base */,
			);
			name = Main.storyboard;
			sourceTree = "<group>";
		};
		303D2D5927E3510C00F85653 /* LaunchScreen.storyboard */ = {
			isa = PBXVariantGroup;
			children = (
				303D2D5A27E3510C00F85653 /* Base */,
			);
			name = LaunchScreen.storyboard;
			sourceTree = "<group>";
		};
/* End PBXVariantGroup section */

/* Begin XCBuildConfiguration section */
		303D2D5D27E3510C00F85653 /* Debug */ = {
			isa = XCBuildConfiguration;
			buildSettings = {
				ALWAYS_SEARCH_USER_PATHS = NO;
				CLANG_ANALYZER_NONNULL = YES;
				CLANG_ANALYZER_NUMBER_OBJECT_CONVERSION = YES_AGGRESSIVE;
				CLANG_CXX_LANGUAGE_STANDARD = "gnu++17";
				CLANG_ENABLE_MODULES = YES;
				CLANG_ENABLE_OBJC_ARC = YES;
				CLANG_ENABLE_OBJC_WEAK = YES;
				CLANG_WARN_BLOCK_CAPTURE_AUTORELEASING = YES;
				CLANG_WARN_BOOL_CONVERSION = YES;
				CLANG_WARN_COMMA = YES;
				CLANG_WARN_CONSTANT_CONVERSION = YES;
				CLANG_WARN_DEPRECATED_OBJC_IMPLEMENTATIONS = YES;
				CLANG_WARN_DIRECT_OBJC_ISA_USAGE = YES_ERROR;
				CLANG_WARN_DOCUMENTATION_COMMENTS = YES;
				CLANG_WARN_EMPTY_BODY = YES;
				CLANG_WARN_ENUM_CONVERSION = YES;
				CLANG_WARN_INFINITE_RECURSION = YES;
				CLANG_WARN_INT_CONVERSION = YES;
				CLANG_WARN_NON_LITERAL_NULL_CONVERSION = YES;
				CLANG_WARN_OBJC_IMPLICIT_RETAIN_SELF = YES;
				CLANG_WARN_OBJC_LITERAL_CONVERSION = YES;
				CLANG_WARN_OBJC_ROOT_CLASS = YES_ERROR;
				CLANG_WARN_QUOTED_INCLUDE_IN_FRAMEWORK_HEADER = YES;
				CLANG_WARN_RANGE_LOOP_ANALYSIS = YES;
				CLANG_WARN_STRICT_PROTOTYPES = YES;
				CLANG_WARN_SUSPICIOUS_MOVE = YES;
				CLANG_WARN_UNGUARDED_AVAILABILITY = YES_AGGRESSIVE;
				CLANG_WARN_UNREACHABLE_CODE = YES;
				CLANG_WARN__DUPLICATE_METHOD_MATCH = YES;
				COPY_PHASE_STRIP = NO;
				DEBUG_INFORMATION_FORMAT = dwarf;
				ENABLE_STRICT_OBJC_MSGSEND = YES;
				ENABLE_TESTABILITY = YES;
				GCC_C_LANGUAGE_STANDARD = gnu11;
				GCC_DYNAMIC_NO_PIC = NO;
				GCC_NO_COMMON_BLOCKS = YES;
				GCC_OPTIMIZATION_LEVEL = 0;
				GCC_PREPROCESSOR_DEFINITIONS = (
					"DEBUG=1",
					"$(inherited)",
				);
				GCC_WARN_64_TO_32_BIT_CONVERSION = YES;
				GCC_WARN_ABOUT_RETURN_TYPE = YES_ERROR;
				GCC_WARN_UNDECLARED_SELECTOR = YES;
				GCC_WARN_UNINITIALIZED_AUTOS = YES_AGGRESSIVE;
				GCC_WARN_UNUSED_FUNCTION = YES;
				GCC_WARN_UNUSED_VARIABLE = YES;
				IPHONEOS_DEPLOYMENT_TARGET = 15.4;
				MTL_ENABLE_DEBUG_INFO = INCLUDE_SOURCE;
				MTL_FAST_MATH = YES;
				ONLY_ACTIVE_ARCH = YES;
				SDKROOT = iphoneos;
				SWIFT_ACTIVE_COMPILATION_CONDITIONS = DEBUG;
				SWIFT_OPTIMIZATION_LEVEL = "-Onone";
			};
			name = Debug;
		};
		303D2D5E27E3510C00F85653 /* Release */ = {
			isa = XCBuildConfiguration;
			buildSettings = {
				ALWAYS_SEARCH_USER_PATHS = NO;
				CLANG_ANALYZER_NONNULL = YES;
				CLANG_ANALYZER_NUMBER_OBJECT_CONVERSION = YES_AGGRESSIVE;
				CLANG_CXX_LANGUAGE_STANDARD = "gnu++17";
				CLANG_ENABLE_MODULES = YES;
				CLANG_ENABLE_OBJC_ARC = YES;
				CLANG_ENABLE_OBJC_WEAK = YES;
				CLANG_WARN_BLOCK_CAPTURE_AUTORELEASING = YES;
				CLANG_WARN_BOOL_CONVERSION = YES;
				CLANG_WARN_COMMA = YES;
				CLANG_WARN_CONSTANT_CONVERSION = YES;
				CLANG_WARN_DEPRECATED_OBJC_IMPLEMENTATIONS = YES;
				CLANG_WARN_DIRECT_OBJC_ISA_USAGE = YES_ERROR;
				CLANG_WARN_DOCUMENTATION_COMMENTS = YES;
				CLANG_WARN_EMPTY_BODY = YES;
				CLANG_WARN_ENUM_CONVERSION = YES;
				CLANG_WARN_INFINITE_RECURSION = YES;
				CLANG_WARN_INT_CONVERSION = YES;
				CLANG_WARN_NON_LITERAL_NULL_CONVERSION = YES;
				CLANG_WARN_OBJC_IMPLICIT_RETAIN_SELF = YES;
				CLANG_WARN_OBJC_LITERAL_CONVERSION = YES;
				CLANG_WARN_OBJC_ROOT_CLASS = YES_ERROR;
				CLANG_WARN_QUOTED_INCLUDE_IN_FRAMEWORK_HEADER = YES;
				CLANG_WARN_RANGE_LOOP_ANALYSIS = YES;
				CLANG_WARN_STRICT_PROTOTYPES = YES;
				CLANG_WARN_SUSPICIOUS_MOVE = YES;
				CLANG_WARN_UNGUARDED_AVAILABILITY = YES_AGGRESSIVE;
				CLANG_WARN_UNREACHABLE_CODE = YES;
				CLANG_WARN__DUPLICATE_METHOD_MATCH = YES;
				COPY_PHASE_STRIP = NO;
				DEBUG_INFORMATION_FORMAT = "dwarf-with-dsym";
				ENABLE_NS_ASSERTIONS = NO;
				ENABLE_STRICT_OBJC_MSGSEND = YES;
				GCC_C_LANGUAGE_STANDARD = gnu11;
				GCC_NO_COMMON_BLOCKS = YES;
				GCC_WARN_64_TO_32_BIT_CONVERSION = YES;
				GCC_WARN_ABOUT_RETURN_TYPE = YES_ERROR;
				GCC_WARN_UNDECLARED_SELECTOR = YES;
				GCC_WARN_UNINITIALIZED_AUTOS = YES_AGGRESSIVE;
				GCC_WARN_UNUSED_FUNCTION = YES;
				GCC_WARN_UNUSED_VARIABLE = YES;
				IPHONEOS_DEPLOYMENT_TARGET = 15.4;
				MTL_ENABLE_DEBUG_INFO = NO;
				MTL_FAST_MATH = YES;
				SDKROOT = iphoneos;
				SWIFT_COMPILATION_MODE = wholemodule;
				SWIFT_OPTIMIZATION_LEVEL = "-O";
				VALIDATE_PRODUCT = YES;
			};
			name = Release;
		};
		303D2D6027E3510C00F85653 /* Debug */ = {
			isa = XCBuildConfiguration;
			baseConfigurationReference = 49588DA6C0060CB431E6A17D /* Pods-News App Volvox.debug.xcconfig */;
			buildSettings = {
				ASSETCATALOG_COMPILER_APPICON_NAME = AppIcon;
				ASSETCATALOG_COMPILER_GLOBAL_ACCENT_COLOR_NAME = AccentColor;
				CODE_SIGN_STYLE = Automatic;
				CURRENT_PROJECT_VERSION = 1;
				DEVELOPMENT_TEAM = 9694Q29RZR;
				GENERATE_INFOPLIST_FILE = YES;
				INFOPLIST_FILE = "News App Volvox/Info.plist";
				INFOPLIST_KEY_UIApplicationSupportsIndirectInputEvents = YES;
				INFOPLIST_KEY_UILaunchStoryboardName = LaunchScreen;
				INFOPLIST_KEY_UIMainStoryboardFile = Main;
				INFOPLIST_KEY_UISupportedInterfaceOrientations_iPad = "UIInterfaceOrientationPortrait UIInterfaceOrientationPortraitUpsideDown UIInterfaceOrientationLandscapeLeft UIInterfaceOrientationLandscapeRight";
				INFOPLIST_KEY_UISupportedInterfaceOrientations_iPhone = "UIInterfaceOrientationPortrait UIInterfaceOrientationLandscapeLeft UIInterfaceOrientationLandscapeRight";
				LD_RUNPATH_SEARCH_PATHS = (
					"$(inherited)",
					"@executable_path/Frameworks",
				);
				MARKETING_VERSION = 1.0;
				PRODUCT_BUNDLE_IDENTIFIER = "com.oblomov.News-App-Volvox";
				PRODUCT_NAME = "$(TARGET_NAME)";
				SWIFT_EMIT_LOC_STRINGS = YES;
				SWIFT_VERSION = 5.0;
				TARGETED_DEVICE_FAMILY = "1,2";
			};
			name = Debug;
		};
		303D2D6127E3510C00F85653 /* Release */ = {
			isa = XCBuildConfiguration;
			baseConfigurationReference = 26615B83660704AE39E7929C /* Pods-News App Volvox.release.xcconfig */;
			buildSettings = {
				ASSETCATALOG_COMPILER_APPICON_NAME = AppIcon;
				ASSETCATALOG_COMPILER_GLOBAL_ACCENT_COLOR_NAME = AccentColor;
				CODE_SIGN_STYLE = Automatic;
				CURRENT_PROJECT_VERSION = 1;
				DEVELOPMENT_TEAM = 9694Q29RZR;
				GENERATE_INFOPLIST_FILE = YES;
				INFOPLIST_FILE = "News App Volvox/Info.plist";
				INFOPLIST_KEY_UIApplicationSupportsIndirectInputEvents = YES;
				INFOPLIST_KEY_UILaunchStoryboardName = LaunchScreen;
				INFOPLIST_KEY_UIMainStoryboardFile = Main;
				INFOPLIST_KEY_UISupportedInterfaceOrientations_iPad = "UIInterfaceOrientationPortrait UIInterfaceOrientationPortraitUpsideDown UIInterfaceOrientationLandscapeLeft UIInterfaceOrientationLandscapeRight";
				INFOPLIST_KEY_UISupportedInterfaceOrientations_iPhone = "UIInterfaceOrientationPortrait UIInterfaceOrientationLandscapeLeft UIInterfaceOrientationLandscapeRight";
				LD_RUNPATH_SEARCH_PATHS = (
					"$(inherited)",
					"@executable_path/Frameworks",
				);
				MARKETING_VERSION = 1.0;
				PRODUCT_BUNDLE_IDENTIFIER = "com.oblomov.News-App-Volvox";
				PRODUCT_NAME = "$(TARGET_NAME)";
				SWIFT_EMIT_LOC_STRINGS = YES;
				SWIFT_VERSION = 5.0;
				TARGETED_DEVICE_FAMILY = "1,2";
			};
			name = Release;
		};
/* End XCBuildConfiguration section */

/* Begin XCConfigurationList section */
		303D2D4627E3510B00F85653 /* Build configuration list for PBXProject "News App Volvox" */ = {
			isa = XCConfigurationList;
			buildConfigurations = (
				303D2D5D27E3510C00F85653 /* Debug */,
				303D2D5E27E3510C00F85653 /* Release */,
			);
			defaultConfigurationIsVisible = 0;
			defaultConfigurationName = Release;
		};
		303D2D5F27E3510C00F85653 /* Build configuration list for PBXNativeTarget "News App Volvox" */ = {
			isa = XCConfigurationList;
			buildConfigurations = (
				303D2D6027E3510C00F85653 /* Debug */,
				303D2D6127E3510C00F85653 /* Release */,
			);
			defaultConfigurationIsVisible = 0;
			defaultConfigurationName = Release;
		};
/* End XCConfigurationList section */
	};
	rootObject = 303D2D4327E3510B00F85653 /* Project object */;
}
